
Microsoft Visual Studio Solution File, Format Version 12.00
# Visual Studio Version 16
VisualStudioVersion = 16.0.28803.156
MinimumVisualStudioVersion = 10.0.40219.1
Project("{FAE04EC0-301F-11D3-BF4B-00C04F79EFBC}") = "Complex", "Complex\Complex.csproj", "{4E10E46F-352A-4A78-8DF5-150FCBDC19BF}"
EndProject
Global
	GlobalSection(SolutionConfigurationPlatforms) = preSolution
		Debug|Any CPU = Debug|Any CPU
		Release|Any CPU = Release|Any CPU
	EndGlobalSection
	GlobalSection(ProjectConfigurationPlatforms) = postSolution
		{4E10E46F-352A-4A78-8DF5-150FCBDC19BF}.Debug|Any CPU.ActiveCfg = Debug|Any CPU
		{4E10E46F-352A-4A78-8DF5-150FCBDC19BF}.Debug|Any CPU.Build.0 = Debug|Any CPU
		{4E10E46F-352A-4A78-8DF5-150FCBDC19BF}.Release|Any CPU.ActiveCfg = Release|Any CPU
		{4E10E46F-352A-4A78-8DF5-150FCBDC19BF}.Release|Any CPU.Build.0 = Release|Any CPU
	EndGlobalSection
	GlobalSection(SolutionProperties) = preSolution
		HideSolutionNode = FALSE
	EndGlobalSection
	GlobalSection(ExtensibilityGlobals) = postSolution
		SolutionGuid = {F6F5E1D1-17AA-474A-A9B1-98FEC43BC2F3}
	EndGlobalSection
EndGlobal
